
Microsoft Visual Studio Solution File, Format Version 12.00
# Visual Studio Version 17
VisualStudioVersion = 17.3.32804.467
MinimumVisualStudioVersion = 10.0.40219.1
Project("{F184B08F-C81C-45F6-A57F-5ABD9991F28F}") = "CALCULATOR", "CALCULATOR\CALCULATOR.vbproj", "{BD281743-634B-43F6-A38E-7060C0D0A8CA}"
EndProject
Global
	GlobalSection(SolutionConfigurationPlatforms) = preSolution
		Debug|Any CPU = Debug|Any CPU
		Release|Any CPU = Release|Any CPU
	EndGlobalSection
	GlobalSection(ProjectConfigurationPlatforms) = postSolution
		{BD281743-634B-43F6-A38E-7060C0D0A8CA}.Debug|Any CPU.ActiveCfg = Debug|Any CPU
		{BD281743-634B-43F6-A38E-7060C0D0A8CA}.Debug|Any CPU.Build.0 = Debug|Any CPU
		{BD281743-634B-43F6-A38E-7060C0D0A8CA}.Release|Any CPU.ActiveCfg = Release|Any CPU
		{BD281743-634B-43F6-A38E-7060C0D0A8CA}.Release|Any CPU.Build.0 = Release|Any CPU
	EndGlobalSection
	GlobalSection(SolutionProperties) = preSolution
		HideSolutionNode = FALSE
	EndGlobalSection
	GlobalSection(ExtensibilityGlobals) = postSolution
		SolutionGuid = {9FF26125-9412-4C7C-B9FD-45D7E5C5339B}
	EndGlobalSection
EndGlobal
